
Microsoft Visual Studio Solution File, Format Version 12.00
# Visual Studio Version 17
VisualStudioVersion = 17.12.35707.178
MinimumVisualStudioVersion = 10.0.40219.1
Project("{FAE04EC0-301F-11D3-BF4B-00C04F79EFBC}") = "Notes.Web", "Notes.Web\Notes.Web.csproj", "{949D2017-98A3-42A8-BC5E-82E69DC48F7D}"
EndProject
Project("{FAE04EC0-301F-11D3-BF4B-00C04F79EFBC}") = "Notes.Data", "Notes.Data\Notes.Data.csproj", "{DA2E2073-FD31-4EDC-AD09-D9834FC17BE0}"
EndProject
Project("{FAE04EC0-301F-11D3-BF4B-00C04F79EFBC}") = "Notes.Models", "Notes.Models\Notes.Models.csproj", "{108C64A0-EBC4-4E17-8A00-1909909CB31D}"
EndProject
Project("{FAE04EC0-301F-11D3-BF4B-00C04F79EFBC}") = "Notes.UnitTesting", "Notes.UnitTesting\Notes.UnitTesting.csproj", "{05AE5B7F-2301-43D1-8691-FF4EFBA9E02B}"
EndProject
Project("{FAE04EC0-301F-11D3-BF4B-00C04F79EFBC}") = "Notes.TesingController", "Notes.TesingController\Notes.TesingController.csproj", "{74C7E3C8-A540-4929-9D41-8DF2E2D58774}"
EndProject
Project("{FAE04EC0-301F-11D3-BF4B-00C04F79EFBC}") = "IdentityService", "IdentityService\IdentityService.csproj", "{3B58D4D8-7AE3-4954-9BAF-99D5D495FD2C}"
EndProject
Global
	GlobalSection(SolutionConfigurationPlatforms) = preSolution
		Debug|Any CPU = Debug|Any CPU
		Release|Any CPU = Release|Any CPU
	EndGlobalSection
	GlobalSection(ProjectConfigurationPlatforms) = postSolution
		{949D2017-98A3-42A8-BC5E-82E69DC48F7D}.Debug|Any CPU.ActiveCfg = Debug|Any CPU
		{949D2017-98A3-42A8-BC5E-82E69DC48F7D}.Debug|Any CPU.Build.0 = Debug|Any CPU
		{949D2017-98A3-42A8-BC5E-82E69DC48F7D}.Release|Any CPU.ActiveCfg = Release|Any CPU
		{949D2017-98A3-42A8-BC5E-82E69DC48F7D}.Release|Any CPU.Build.0 = Release|Any CPU
		{DA2E2073-FD31-4EDC-AD09-D9834FC17BE0}.Debug|Any CPU.ActiveCfg = Debug|Any CPU
		{DA2E2073-FD31-4EDC-AD09-D9834FC17BE0}.Debug|Any CPU.Build.0 = Debug|Any CPU
		{DA2E2073-FD31-4EDC-AD09-D9834FC17BE0}.Release|Any CPU.ActiveCfg = Release|Any CPU
		{DA2E2073-FD31-4EDC-AD09-D9834FC17BE0}.Release|Any CPU.Build.0 = Release|Any CPU
		{108C64A0-EBC4-4E17-8A00-1909909CB31D}.Debug|Any CPU.ActiveCfg = Debug|Any CPU
		{108C64A0-EBC4-4E17-8A00-1909909CB31D}.Debug|Any CPU.Build.0 = Debug|Any CPU
		{108C64A0-EBC4-4E17-8A00-1909909CB31D}.Release|Any CPU.ActiveCfg = Release|Any CPU
		{108C64A0-EBC4-4E17-8A00-1909909CB31D}.Release|Any CPU.Build.0 = Release|Any CPU
		{05AE5B7F-2301-43D1-8691-FF4EFBA9E02B}.Debug|Any CPU.ActiveCfg = Debug|Any CPU
		{05AE5B7F-2301-43D1-8691-FF4EFBA9E02B}.Debug|Any CPU.Build.0 = Debug|Any CPU
		{05AE5B7F-2301-43D1-8691-FF4EFBA9E02B}.Release|Any CPU.ActiveCfg = Release|Any CPU
		{05AE5B7F-2301-43D1-8691-FF4EFBA9E02B}.Release|Any CPU.Build.0 = Release|Any CPU
		{74C7E3C8-A540-4929-9D41-8DF2E2D58774}.Debug|Any CPU.ActiveCfg = Debug|Any CPU
		{74C7E3C8-A540-4929-9D41-8DF2E2D58774}.Debug|Any CPU.Build.0 = Debug|Any CPU
		{74C7E3C8-A540-4929-9D41-8DF2E2D58774}.Release|Any CPU.ActiveCfg = Release|Any CPU
		{74C7E3C8-A540-4929-9D41-8DF2E2D58774}.Release|Any CPU.Build.0 = Release|Any CPU
		{3B58D4D8-7AE3-4954-9BAF-99D5D495FD2C}.Debug|Any CPU.ActiveCfg = Debug|Any CPU
		{3B58D4D8-7AE3-4954-9BAF-99D5D495FD2C}.Debug|Any CPU.Build.0 = Debug|Any CPU
		{3B58D4D8-7AE3-4954-9BAF-99D5D495FD2C}.Release|Any CPU.ActiveCfg = Release|Any CPU
		{3B58D4D8-7AE3-4954-9BAF-99D5D495FD2C}.Release|Any CPU.Build.0 = Release|Any CPU
	EndGlobalSection
	GlobalSection(SolutionProperties) = preSolution
		HideSolutionNode = FALSE
	EndGlobalSection
EndGlobal
